// !$*UTF8*$!
{
	archiveVersion = 1;
	classes = {
	};
	objectVersion = 77;
	objects = {

/* Begin PBXBuildFile section */
		F1358F0A2E8C1B190095CC3E /* CreationTrackerDelegate.swift in Sources */ = {isa = PBXBuildFile; fileRef = F1358F092E8C1B190095CC3E /* CreationTrackerDelegate.swift */; };
		F1358F0C2E8C1B5E0095CC3E /* Tracker.swift in Sources */ = {isa = PBXBuildFile; fileRef = F1358F0B2E8C1B5E0095CC3E /* Tracker.swift */; };
		F1358F0E2E8C1BCA0095CC3E /* CreationTrackerViewController.swift in Sources */ = {isa = PBXBuildFile; fileRef = F1358F0D2E8C1BCA0095CC3E /* CreationTrackerViewController.swift */; };
		F1358F102E8C23A70095CC3E /* TrackerCategory.swift in Sources */ = {isa = PBXBuildFile; fileRef = F1358F0F2E8C23A70095CC3E /* TrackerCategory.swift */; };
		F1358F122E8C23D70095CC3E /* TrackerRecord.swift in Sources */ = {isa = PBXBuildFile; fileRef = F1358F112E8C23D70095CC3E /* TrackerRecord.swift */; };
		F1358F142E8C23FA0095CC3E /* TrackerViewModel.swift in Sources */ = {isa = PBXBuildFile; fileRef = F1358F132E8C23FA0095CC3E /* TrackerViewModel.swift */; };
		F1358F162E8C243B0095CC3E /* Week.swift in Sources */ = {isa = PBXBuildFile; fileRef = F1358F152E8C243B0095CC3E /* Week.swift */; };
		F1358F182E8C27740095CC3E /* TrackerViewControllerDelegate.swift in Sources */ = {isa = PBXBuildFile; fileRef = F1358F172E8C27740095CC3E /* TrackerViewControllerDelegate.swift */; };
		F1358F1B2E8C2D450095CC3E /* HabitConfigurationViewController.swift.swift in Sources */ = {isa = PBXBuildFile; fileRef = F1358F1A2E8C2D450095CC3E /* HabitConfigurationViewController.swift.swift */; };
		F1358F1E2E8C2D720095CC3E /* EventConfigurationViewController.swift.swift in Sources */ = {isa = PBXBuildFile; fileRef = F1358F1D2E8C2D720095CC3E /* EventConfigurationViewController.swift.swift */; };
		F1358F212E8C34E00095CC3E /* ColorSelectionViewController.swift in Sources */ = {isa = PBXBuildFile; fileRef = F1358F202E8C34E00095CC3E /* ColorSelectionViewController.swift */; };
		F1358F242E8C35140095CC3E /* EmojiSelectionViewController.swift in Sources */ = {isa = PBXBuildFile; fileRef = F1358F232E8C35140095CC3E /* EmojiSelectionViewController.swift */; };
		F1358F272E8C35420095CC3E /* CategorySelectionViewController.swift in Sources */ = {isa = PBXBuildFile; fileRef = F1358F262E8C35420095CC3E /* CategorySelectionViewController.swift */; };
		F1358F2A2E8C35820095CC3E /* ScheduleSelectionViewController.swift in Sources */ = {isa = PBXBuildFile; fileRef = F1358F292E8C35820095CC3E /* ScheduleSelectionViewController.swift */; };
		F1358F2C2E8C361D0095CC3E /* AddCategoryViewController.swift in Sources */ = {isa = PBXBuildFile; fileRef = F1358F2B2E8C361D0095CC3E /* AddCategoryViewController.swift */; };
		F1358F2E2E8C590D0095CC3E /* EmojiSelectionDelegate.swift in Sources */ = {isa = PBXBuildFile; fileRef = F1358F2D2E8C590D0095CC3E /* EmojiSelectionDelegate.swift */; };
		F1358F302E8C597E0095CC3E /* ColorSelectionDelegate.swift in Sources */ = {isa = PBXBuildFile; fileRef = F1358F2F2E8C597E0095CC3E /* ColorSelectionDelegate.swift */; };
		F1358F322E9030F00095CC3E /* TrackerCollectionViewCell.swift in Sources */ = {isa = PBXBuildFile; fileRef = F1358F312E9030F00095CC3E /* TrackerCollectionViewCell.swift */; };
		F1358F342E9031730095CC3E /* SupplementaryView.swift in Sources */ = {isa = PBXBuildFile; fileRef = F1358F332E9031730095CC3E /* SupplementaryView.swift */; };
		F1A4AA092E9D4F8A0093A8E4 /* Tracker.xcdatamodeld in Sources */ = {isa = PBXBuildFile; fileRef = F1A4AA072E9D4F8A0093A8E4 /* Tracker.xcdatamodeld */; };
		F1A4AA0B2E9DA66E0093A8E4 /* CoreDataManager.swift in Sources */ = {isa = PBXBuildFile; fileRef = F1A4AA0A2E9DA66E0093A8E4 /* CoreDataManager.swift */; };
		F1A4AA0D2E9DB45E0093A8E4 /* TrackerStore.swift in Sources */ = {isa = PBXBuildFile; fileRef = F1A4AA0C2E9DB45E0093A8E4 /* TrackerStore.swift */; };
		F1A4AA0F2E9DB4820093A8E4 /* TrackerRecordStore.swift in Sources */ = {isa = PBXBuildFile; fileRef = F1A4AA0E2E9DB4820093A8E4 /* TrackerRecordStore.swift */; };
		F1A4AA112E9DBD2E0093A8E4 /* TrackerCoreData+Extensions.swift in Sources */ = {isa = PBXBuildFile; fileRef = F1A4AA102E9DBD2E0093A8E4 /* TrackerCoreData+Extensions.swift */; };
		F1B10C962E9DE163007C4747 /* TrackerCategoryStore.swift in Sources */ = {isa = PBXBuildFile; fileRef = F1B10C952E9DE163007C4747 /* TrackerCategoryStore.swift */; };
		F1B10C9B2E9F0910007C4747 /* TrackerCategoryStoreDelegate.swift in Sources */ = {isa = PBXBuildFile; fileRef = F1B10C9A2E9F0910007C4747 /* TrackerCategoryStoreDelegate.swift */; };
		F1B10C9D2E9F092B007C4747 /* TrackerStoreDelegate.swift in Sources */ = {isa = PBXBuildFile; fileRef = F1B10C9C2E9F092B007C4747 /* TrackerStoreDelegate.swift */; };
		F1B10CA02EA52199007C4747 /* OnboardingViewController.swift in Sources */ = {isa = PBXBuildFile; fileRef = F1B10C9F2EA52199007C4747 /* OnboardingViewController.swift */; };
		F1B10CA22EA521AD007C4747 /* OnboardingPageViewController.swift in Sources */ = {isa = PBXBuildFile; fileRef = F1B10CA12EA521AD007C4747 /* OnboardingPageViewController.swift */; };
		F1B10CA52EA5220E007C4747 /* OnboardingPage.swift in Sources */ = {isa = PBXBuildFile; fileRef = F1B10CA42EA5220E007C4747 /* OnboardingPage.swift */; };
		F1B10CA72EA52220007C4747 /* OnboardingStorage.swift in Sources */ = {isa = PBXBuildFile; fileRef = F1B10CA62EA52220007C4747 /* OnboardingStorage.swift */; };
		F1ED868B2E7854070082B276 /* AppDelegate.swift in Sources */ = {isa = PBXBuildFile; fileRef = F1ED86832E7854070082B276 /* AppDelegate.swift */; };
		F1ED868C2E7854070082B276 /* SceneDelegate.swift in Sources */ = {isa = PBXBuildFile; fileRef = F1ED86882E7854070082B276 /* SceneDelegate.swift */; };
		F1ED868D2E7854070082B276 /* TrackersViewController.swift in Sources */ = {isa = PBXBuildFile; fileRef = F1ED86892E7854070082B276 /* TrackersViewController.swift */; };
		F1ED868E2E7854070082B276 /* Assets.xcassets in Resources */ = {isa = PBXBuildFile; fileRef = F1ED86842E7854070082B276 /* Assets.xcassets */; };
		F1ED86902E7854070082B276 /* LaunchScreen.storyboard in Resources */ = {isa = PBXBuildFile; fileRef = F1ED86872E7854070082B276 /* LaunchScreen.storyboard */; };
		F1ED86A42E786D130082B276 /* TabBarController.swift in Sources */ = {isa = PBXBuildFile; fileRef = F1ED86A32E786D130082B276 /* TabBarController.swift */; };
		F1ED86AE2E786E610082B276 /* StatisticViewController.swift in Sources */ = {isa = PBXBuildFile; fileRef = F1ED86AD2E786E610082B276 /* StatisticViewController.swift */; };
/* End PBXBuildFile section */

/* Begin PBXFileReference section */
		F1358F092E8C1B190095CC3E /* CreationTrackerDelegate.swift */ = {isa = PBXFileReference; lastKnownFileType = sourcecode.swift; path = CreationTrackerDelegate.swift; sourceTree = "<group>"; };
		F1358F0B2E8C1B5E0095CC3E /* Tracker.swift */ = {isa = PBXFileReference; lastKnownFileType = sourcecode.swift; path = Tracker.swift; sourceTree = "<group>"; };
		F1358F0D2E8C1BCA0095CC3E /* CreationTrackerViewController.swift */ = {isa = PBXFileReference; lastKnownFileType = sourcecode.swift; path = CreationTrackerViewController.swift; sourceTree = "<group>"; };
		F1358F0F2E8C23A70095CC3E /* TrackerCategory.swift */ = {isa = PBXFileReference; lastKnownFileType = sourcecode.swift; path = TrackerCategory.swift; sourceTree = "<group>"; };
		F1358F112E8C23D70095CC3E /* TrackerRecord.swift */ = {isa = PBXFileReference; lastKnownFileType = sourcecode.swift; path = TrackerRecord.swift; sourceTree = "<group>"; };
		F1358F132E8C23FA0095CC3E /* TrackerViewModel.swift */ = {isa = PBXFileReference; lastKnownFileType = sourcecode.swift; path = TrackerViewModel.swift; sourceTree = "<group>"; };
		F1358F152E8C243B0095CC3E /* Week.swift */ = {isa = PBXFileReference; lastKnownFileType = sourcecode.swift; path = Week.swift; sourceTree = "<group>"; };
		F1358F172E8C27740095CC3E /* TrackerViewControllerDelegate.swift */ = {isa = PBXFileReference; lastKnownFileType = sourcecode.swift; path = TrackerViewControllerDelegate.swift; sourceTree = "<group>"; };
		F1358F1A2E8C2D450095CC3E /* HabitConfigurationViewController.swift.swift */ = {isa = PBXFileReference; lastKnownFileType = sourcecode.swift; path = HabitConfigurationViewController.swift.swift; sourceTree = "<group>"; };
		F1358F1D2E8C2D720095CC3E /* EventConfigurationViewController.swift.swift */ = {isa = PBXFileReference; lastKnownFileType = sourcecode.swift; path = EventConfigurationViewController.swift.swift; sourceTree = "<group>"; };
		F1358F202E8C34E00095CC3E /* ColorSelectionViewController.swift */ = {isa = PBXFileReference; lastKnownFileType = sourcecode.swift; path = ColorSelectionViewController.swift; sourceTree = "<group>"; };
		F1358F232E8C35140095CC3E /* EmojiSelectionViewController.swift */ = {isa = PBXFileReference; lastKnownFileType = sourcecode.swift; path = EmojiSelectionViewController.swift; sourceTree = "<group>"; };
		F1358F262E8C35420095CC3E /* CategorySelectionViewController.swift */ = {isa = PBXFileReference; lastKnownFileType = sourcecode.swift; path = CategorySelectionViewController.swift; sourceTree = "<group>"; };
		F1358F292E8C35820095CC3E /* ScheduleSelectionViewController.swift */ = {isa = PBXFileReference; lastKnownFileType = sourcecode.swift; path = ScheduleSelectionViewController.swift; sourceTree = "<group>"; };
		F1358F2B2E8C361D0095CC3E /* AddCategoryViewController.swift */ = {isa = PBXFileReference; lastKnownFileType = sourcecode.swift; path = AddCategoryViewController.swift; sourceTree = "<group>"; };
		F1358F2D2E8C590D0095CC3E /* EmojiSelectionDelegate.swift */ = {isa = PBXFileReference; lastKnownFileType = sourcecode.swift; path = EmojiSelectionDelegate.swift; sourceTree = "<group>"; };
		F1358F2F2E8C597E0095CC3E /* ColorSelectionDelegate.swift */ = {isa = PBXFileReference; lastKnownFileType = sourcecode.swift; path = ColorSelectionDelegate.swift; sourceTree = "<group>"; };
		F1358F312E9030F00095CC3E /* TrackerCollectionViewCell.swift */ = {isa = PBXFileReference; lastKnownFileType = sourcecode.swift; path = TrackerCollectionViewCell.swift; sourceTree = "<group>"; };
		F1358F332E9031730095CC3E /* SupplementaryView.swift */ = {isa = PBXFileReference; lastKnownFileType = sourcecode.swift; path = SupplementaryView.swift; sourceTree = "<group>"; };
		F1A4AA082E9D4F8A0093A8E4 /* Tracker.xcdatamodel */ = {isa = PBXFileReference; lastKnownFileType = wrapper.xcdatamodel; path = Tracker.xcdatamodel; sourceTree = "<group>"; };
		F1A4AA0A2E9DA66E0093A8E4 /* CoreDataManager.swift */ = {isa = PBXFileReference; lastKnownFileType = sourcecode.swift; path = CoreDataManager.swift; sourceTree = "<group>"; };
		F1A4AA0C2E9DB45E0093A8E4 /* TrackerStore.swift */ = {isa = PBXFileReference; lastKnownFileType = sourcecode.swift; path = TrackerStore.swift; sourceTree = "<group>"; };
		F1A4AA0E2E9DB4820093A8E4 /* TrackerRecordStore.swift */ = {isa = PBXFileReference; lastKnownFileType = sourcecode.swift; path = TrackerRecordStore.swift; sourceTree = "<group>"; };
		F1A4AA102E9DBD2E0093A8E4 /* TrackerCoreData+Extensions.swift */ = {isa = PBXFileReference; lastKnownFileType = sourcecode.swift; path = "TrackerCoreData+Extensions.swift"; sourceTree = "<group>"; };
		F1B10C952E9DE163007C4747 /* TrackerCategoryStore.swift */ = {isa = PBXFileReference; lastKnownFileType = sourcecode.swift; path = TrackerCategoryStore.swift; sourceTree = "<group>"; };
		F1B10C9A2E9F0910007C4747 /* TrackerCategoryStoreDelegate.swift */ = {isa = PBXFileReference; lastKnownFileType = sourcecode.swift; path = TrackerCategoryStoreDelegate.swift; sourceTree = "<group>"; };
		F1B10C9C2E9F092B007C4747 /* TrackerStoreDelegate.swift */ = {isa = PBXFileReference; lastKnownFileType = sourcecode.swift; path = TrackerStoreDelegate.swift; sourceTree = "<group>"; };
		F1B10C9F2EA52199007C4747 /* OnboardingViewController.swift */ = {isa = PBXFileReference; lastKnownFileType = sourcecode.swift; path = OnboardingViewController.swift; sourceTree = "<group>"; };
		F1B10CA12EA521AD007C4747 /* OnboardingPageViewController.swift */ = {isa = PBXFileReference; lastKnownFileType = sourcecode.swift; path = OnboardingPageViewController.swift; sourceTree = "<group>"; };
		F1B10CA42EA5220E007C4747 /* OnboardingPage.swift */ = {isa = PBXFileReference; lastKnownFileType = sourcecode.swift; path = OnboardingPage.swift; sourceTree = "<group>"; };
		F1B10CA62EA52220007C4747 /* OnboardingStorage.swift */ = {isa = PBXFileReference; lastKnownFileType = sourcecode.swift; path = OnboardingStorage.swift; sourceTree = "<group>"; };
		F1ED86522E6EF3840082B276 /* Tracker.app */ = {isa = PBXFileReference; explicitFileType = wrapper.application; includeInIndex = 0; path = Tracker.app; sourceTree = BUILT_PRODUCTS_DIR; };
		F1ED86832E7854070082B276 /* AppDelegate.swift */ = {isa = PBXFileReference; lastKnownFileType = sourcecode.swift; path = AppDelegate.swift; sourceTree = "<group>"; };
		F1ED86842E7854070082B276 /* Assets.xcassets */ = {isa = PBXFileReference; lastKnownFileType = folder.assetcatalog; path = Assets.xcassets; sourceTree = "<group>"; };
		F1ED86852E7854070082B276 /* Info.plist */ = {isa = PBXFileReference; lastKnownFileType = text.plist.xml; path = Info.plist; sourceTree = "<group>"; };
		F1ED86862E7854070082B276 /* Base */ = {isa = PBXFileReference; lastKnownFileType = file.storyboard; name = Base; path = Base.lproj/LaunchScreen.storyboard; sourceTree = "<group>"; };
		F1ED86882E7854070082B276 /* SceneDelegate.swift */ = {isa = PBXFileReference; lastKnownFileType = sourcecode.swift; path = SceneDelegate.swift; sourceTree = "<group>"; };
		F1ED86892E7854070082B276 /* TrackersViewController.swift */ = {isa = PBXFileReference; lastKnownFileType = sourcecode.swift; path = TrackersViewController.swift; sourceTree = "<group>"; };
		F1ED86A32E786D130082B276 /* TabBarController.swift */ = {isa = PBXFileReference; lastKnownFileType = sourcecode.swift; path = TabBarController.swift; sourceTree = "<group>"; };
		F1ED86AD2E786E610082B276 /* StatisticViewController.swift */ = {isa = PBXFileReference; lastKnownFileType = sourcecode.swift; path = StatisticViewController.swift; sourceTree = "<group>"; };
/* End PBXFileReference section */

/* Begin PBXFrameworksBuildPhase section */
		F1ED864F2E6EF3840082B276 /* Frameworks */ = {
			isa = PBXFrameworksBuildPhase;
			buildActionMask = 2147483647;
			files = (
			);
			runOnlyForDeploymentPostprocessing = 0;
		};
/* End PBXFrameworksBuildPhase section */

/* Begin PBXGroup section */
		F1358F082E8C1AE80095CC3E /* Models */ = {
			isa = PBXGroup;
			children = (
				F1358F092E8C1B190095CC3E /* CreationTrackerDelegate.swift */,
				F1358F0B2E8C1B5E0095CC3E /* Tracker.swift */,
				F1358F0F2E8C23A70095CC3E /* TrackerCategory.swift */,
				F1358F112E8C23D70095CC3E /* TrackerRecord.swift */,
				F1358F132E8C23FA0095CC3E /* TrackerViewModel.swift */,
				F1358F152E8C243B0095CC3E /* Week.swift */,
				F1358F172E8C27740095CC3E /* TrackerViewControllerDelegate.swift */,
			);
			path = Models;
			sourceTree = "<group>";
		};
		F1358F192E8C2D340095CC3E /* Habit */ = {
			isa = PBXGroup;
			children = (
				F1358F1A2E8C2D450095CC3E /* HabitConfigurationViewController.swift.swift */,
			);
			path = Habit;
			sourceTree = "<group>";
		};
		F1358F1C2E8C2D560095CC3E /* Events */ = {
			isa = PBXGroup;
			children = (
				F1358F1D2E8C2D720095CC3E /* EventConfigurationViewController.swift.swift */,
			);
			path = Events;
			sourceTree = "<group>";
		};
		F1358F1F2E8C34D20095CC3E /* Colors */ = {
			isa = PBXGroup;
			children = (
				F1358F202E8C34E00095CC3E /* ColorSelectionViewController.swift */,
				F1358F2F2E8C597E0095CC3E /* ColorSelectionDelegate.swift */,
			);
			path = Colors;
			sourceTree = "<group>";
		};
		F1358F222E8C35080095CC3E /* Emoji */ = {
			isa = PBXGroup;
			children = (
				F1358F232E8C35140095CC3E /* EmojiSelectionViewController.swift */,
				F1358F2D2E8C590D0095CC3E /* EmojiSelectionDelegate.swift */,
			);
			path = Emoji;
			sourceTree = "<group>";
		};
		F1358F252E8C35310095CC3E /* Category */ = {
			isa = PBXGroup;
			children = (
				F1358F262E8C35420095CC3E /* CategorySelectionViewController.swift */,
				F1358F2B2E8C361D0095CC3E /* AddCategoryViewController.swift */,
			);
			path = Category;
			sourceTree = "<group>";
		};
		F1358F282E8C35700095CC3E /* Schedule */ = {
			isa = PBXGroup;
			children = (
				F1358F292E8C35820095CC3E /* ScheduleSelectionViewController.swift */,
			);
			path = Schedule;
			sourceTree = "<group>";
		};
		F1A4AA062E9D4DA60093A8E4 /* CoreData */ = {
			isa = PBXGroup;
			children = (
				F1B10C912E9DDF2D007C4747 /* Store */,
				F1A4AA072E9D4F8A0093A8E4 /* Tracker.xcdatamodeld */,
				F1A4AA0A2E9DA66E0093A8E4 /* CoreDataManager.swift */,
				F1A4AA102E9DBD2E0093A8E4 /* TrackerCoreData+Extensions.swift */,
			);
			path = CoreData;
			sourceTree = "<group>";
		};
		F1B10C912E9DDF2D007C4747 /* Store */ = {
			isa = PBXGroup;
			children = (
				F1B10C972E9F08C2007C4747 /* Delegates */,
				F1A4AA0C2E9DB45E0093A8E4 /* TrackerStore.swift */,
				F1A4AA0E2E9DB4820093A8E4 /* TrackerRecordStore.swift */,
				F1B10C952E9DE163007C4747 /* TrackerCategoryStore.swift */,
			);
			path = Store;
			sourceTree = "<group>";
		};
		F1B10C972E9F08C2007C4747 /* Delegates */ = {
			isa = PBXGroup;
			children = (
				F1B10C9A2E9F0910007C4747 /* TrackerCategoryStoreDelegate.swift */,
				F1B10C9C2E9F092B007C4747 /* TrackerStoreDelegate.swift */,
			);
			path = Delegates;
			sourceTree = "<group>";
		};
		F1B10C9E2EA52179007C4747 /* Onboarding */ = {
			isa = PBXGroup;
			children = (
				F1B10CA32EA521FD007C4747 /* Services */,
				F1B10C9F2EA52199007C4747 /* OnboardingViewController.swift */,
				F1B10CA12EA521AD007C4747 /* OnboardingPageViewController.swift */,
			);
			path = Onboarding;
			sourceTree = "<group>";
		};
		F1B10CA32EA521FD007C4747 /* Services */ = {
			isa = PBXGroup;
			children = (
				F1B10CA42EA5220E007C4747 /* OnboardingPage.swift */,
				F1B10CA62EA52220007C4747 /* OnboardingStorage.swift */,
			);
			path = Services;
			sourceTree = "<group>";
		};
		F1ED86492E6EF3840082B276 = {
			isa = PBXGroup;
			children = (
				F1ED868A2E7854070082B276 /* Tracker */,
				F1ED86532E6EF3840082B276 /* Products */,
			);
			sourceTree = "<group>";
		};
		F1ED86532E6EF3840082B276 /* Products */ = {
			isa = PBXGroup;
			children = (
				F1ED86522E6EF3840082B276 /* Tracker.app */,
			);
			name = Products;
			sourceTree = "<group>";
		};
		F1ED868A2E7854070082B276 /* Tracker */ = {
			isa = PBXGroup;
			children = (
				F1ED86AF2E78AC080082B276 /* Trackers */,
				F1A4AA062E9D4DA60093A8E4 /* CoreData */,
				F1ED86A22E78664B0082B276 /* Resources */,
				F1ED86A12E78661F0082B276 /* Application */,
				F1ED86A32E786D130082B276 /* TabBarController.swift */,
				F1ED86AD2E786E610082B276 /* StatisticViewController.swift */,
			);
			path = Tracker;
			sourceTree = "<group>";
		};
		F1ED86A12E78661F0082B276 /* Application */ = {
			isa = PBXGroup;
			children = (
				F1ED86832E7854070082B276 /* AppDelegate.swift */,
				F1ED86882E7854070082B276 /* SceneDelegate.swift */,
			);
			path = Application;
			sourceTree = "<group>";
		};
		F1ED86A22E78664B0082B276 /* Resources */ = {
			isa = PBXGroup;
			children = (
				F1ED86842E7854070082B276 /* Assets.xcassets */,
				F1ED86852E7854070082B276 /* Info.plist */,
				F1ED86872E7854070082B276 /* LaunchScreen.storyboard */,
			);
			path = Resources;
			sourceTree = "<group>";
		};
		F1ED86AF2E78AC080082B276 /* Trackers */ = {
			isa = PBXGroup;
			children = (
				F1B10C9E2EA52179007C4747 /* Onboarding */,
				F1358F282E8C35700095CC3E /* Schedule */,
				F1358F252E8C35310095CC3E /* Category */,
				F1358F222E8C35080095CC3E /* Emoji */,
				F1358F1F2E8C34D20095CC3E /* Colors */,
				F1358F1C2E8C2D560095CC3E /* Events */,
				F1358F192E8C2D340095CC3E /* Habit */,
				F1358F082E8C1AE80095CC3E /* Models */,
				F1ED86892E7854070082B276 /* TrackersViewController.swift */,
				F1358F0D2E8C1BCA0095CC3E /* CreationTrackerViewController.swift */,
				F1ED86B02E78AC220082B276 /* Cells */,
			);
			path = Trackers;
			sourceTree = "<group>";
		};
		F1ED86B02E78AC220082B276 /* Cells */ = {
			isa = PBXGroup;
			children = (
				F1358F312E9030F00095CC3E /* TrackerCollectionViewCell.swift */,
				F1358F332E9031730095CC3E /* SupplementaryView.swift */,
			);
			path = Cells;
			sourceTree = "<group>";
		};
/* End PBXGroup section */

/* Begin PBXNativeTarget section */
		F1ED86512E6EF3840082B276 /* Tracker */ = {
			isa = PBXNativeTarget;
			buildConfigurationList = F1ED86652E6EF3860082B276 /* Build configuration list for PBXNativeTarget "Tracker" */;
			buildPhases = (
				F1ED864E2E6EF3840082B276 /* Sources */,
				F1ED864F2E6EF3840082B276 /* Frameworks */,
				F1ED86502E6EF3840082B276 /* Resources */,
			);
			buildRules = (
			);
			dependencies = (
			);
			name = Tracker;
			packageProductDependencies = (
			);
			productName = Tracker;
			productReference = F1ED86522E6EF3840082B276 /* Tracker.app */;
			productType = "com.apple.product-type.application";
		};
/* End PBXNativeTarget section */

/* Begin PBXProject section */
		F1ED864A2E6EF3840082B276 /* Project object */ = {
			isa = PBXProject;
			attributes = {
				BuildIndependentTargetsInParallel = 1;
				LastSwiftUpdateCheck = 1640;
				LastUpgradeCheck = 2600;
				TargetAttributes = {
					F1ED86512E6EF3840082B276 = {
						CreatedOnToolsVersion = 16.4;
					};
				};
			};
			buildConfigurationList = F1ED864D2E6EF3840082B276 /* Build configuration list for PBXProject "Tracker" */;
			developmentRegion = en;
			hasScannedForEncodings = 0;
			knownRegions = (
				en,
				Base,
			);
			mainGroup = F1ED86492E6EF3840082B276;
			minimizedProjectReferenceProxies = 1;
			preferredProjectObjectVersion = 77;
			productRefGroup = F1ED86532E6EF3840082B276 /* Products */;
			projectDirPath = "";
			projectRoot = "";
			targets = (
				F1ED86512E6EF3840082B276 /* Tracker */,
			);
		};
/* End PBXProject section */

/* Begin PBXResourcesBuildPhase section */
		F1ED86502E6EF3840082B276 /* Resources */ = {
			isa = PBXResourcesBuildPhase;
			buildActionMask = 2147483647;
			files = (
				F1ED868E2E7854070082B276 /* Assets.xcassets in Resources */,
				F1ED86902E7854070082B276 /* LaunchScreen.storyboard in Resources */,
			);
			runOnlyForDeploymentPostprocessing = 0;
		};
/* End PBXResourcesBuildPhase section */

/* Begin PBXSourcesBuildPhase section */
		F1ED864E2E6EF3840082B276 /* Sources */ = {
			isa = PBXSourcesBuildPhase;
			buildActionMask = 2147483647;
			files = (
				F1358F102E8C23A70095CC3E /* TrackerCategory.swift in Sources */,
				F1A4AA112E9DBD2E0093A8E4 /* TrackerCoreData+Extensions.swift in Sources */,
				F1358F272E8C35420095CC3E /* CategorySelectionViewController.swift in Sources */,
				F1358F1B2E8C2D450095CC3E /* HabitConfigurationViewController.swift.swift in Sources */,
				F1358F322E9030F00095CC3E /* TrackerCollectionViewCell.swift in Sources */,
				F1ED868B2E7854070082B276 /* AppDelegate.swift in Sources */,
				F1B10CA72EA52220007C4747 /* OnboardingStorage.swift in Sources */,
				F1ED86A42E786D130082B276 /* TabBarController.swift in Sources */,
				F1358F342E9031730095CC3E /* SupplementaryView.swift in Sources */,
				F1ED868C2E7854070082B276 /* SceneDelegate.swift in Sources */,
				F1358F212E8C34E00095CC3E /* ColorSelectionViewController.swift in Sources */,
				F1ED86AE2E786E610082B276 /* StatisticViewController.swift in Sources */,
				F1B10C9B2E9F0910007C4747 /* TrackerCategoryStoreDelegate.swift in Sources */,
				F1358F162E8C243B0095CC3E /* Week.swift in Sources */,
				F1A4AA0D2E9DB45E0093A8E4 /* TrackerStore.swift in Sources */,
				F1358F2A2E8C35820095CC3E /* ScheduleSelectionViewController.swift in Sources */,
				F1B10C9D2E9F092B007C4747 /* TrackerStoreDelegate.swift in Sources */,
				F1358F182E8C27740095CC3E /* TrackerViewControllerDelegate.swift in Sources */,
				F1358F302E8C597E0095CC3E /* ColorSelectionDelegate.swift in Sources */,
				F1358F242E8C35140095CC3E /* EmojiSelectionViewController.swift in Sources */,
				F1B10CA52EA5220E007C4747 /* OnboardingPage.swift in Sources */,
				F1358F1E2E8C2D720095CC3E /* EventConfigurationViewController.swift.swift in Sources */,
				F1358F2E2E8C590D0095CC3E /* EmojiSelectionDelegate.swift in Sources */,
				F1358F122E8C23D70095CC3E /* TrackerRecord.swift in Sources */,
				F1358F0A2E8C1B190095CC3E /* CreationTrackerDelegate.swift in Sources */,
				F1ED868D2E7854070082B276 /* TrackersViewController.swift in Sources */,
				F1B10CA22EA521AD007C4747 /* OnboardingPageViewController.swift in Sources */,
				F1A4AA0B2E9DA66E0093A8E4 /* CoreDataManager.swift in Sources */,
				F1358F2C2E8C361D0095CC3E /* AddCategoryViewController.swift in Sources */,
				F1A4AA0F2E9DB4820093A8E4 /* TrackerRecordStore.swift in Sources */,
				F1358F0E2E8C1BCA0095CC3E /* CreationTrackerViewController.swift in Sources */,
				F1B10C962E9DE163007C4747 /* TrackerCategoryStore.swift in Sources */,
				F1358F142E8C23FA0095CC3E /* TrackerViewModel.swift in Sources */,
				F1358F0C2E8C1B5E0095CC3E /* Tracker.swift in Sources */,
				F1B10CA02EA52199007C4747 /* OnboardingViewController.swift in Sources */,
				F1A4AA092E9D4F8A0093A8E4 /* Tracker.xcdatamodeld in Sources */,
			);
			runOnlyForDeploymentPostprocessing = 0;
		};
/* End PBXSourcesBuildPhase section */

/* Begin PBXVariantGroup section */
		F1ED86872E7854070082B276 /* LaunchScreen.storyboard */ = {
			isa = PBXVariantGroup;
			children = (
				F1ED86862E7854070082B276 /* Base */,
			);
			name = LaunchScreen.storyboard;
			sourceTree = "<group>";
		};
/* End PBXVariantGroup section */

/* Begin XCBuildConfiguration section */
		F1ED86662E6EF3860082B276 /* Debug */ = {
			isa = XCBuildConfiguration;
			buildSettings = {
				ASSETCATALOG_COMPILER_APPICON_NAME = AppIcon;
				ASSETCATALOG_COMPILER_GLOBAL_ACCENT_COLOR_NAME = AccentColor;
				CODE_SIGN_STYLE = Automatic;
				CURRENT_PROJECT_VERSION = 1;
				DEVELOPMENT_TEAM = Q72QYS5LYZ;
				GENERATE_INFOPLIST_FILE = YES;
				INFOPLIST_FILE = Tracker/Resources/Info.plist;
				INFOPLIST_KEY_UIApplicationSupportsIndirectInputEvents = YES;
				INFOPLIST_KEY_UILaunchStoryboardName = LaunchScreen;
				INFOPLIST_KEY_UIStatusBarHidden = NO;
				INFOPLIST_KEY_UISupportedInterfaceOrientations = UIInterfaceOrientationPortrait;
				IPHONEOS_DEPLOYMENT_TARGET = 17.0;
				LD_RUNPATH_SEARCH_PATHS = (
					"$(inherited)",
					"@executable_path/Frameworks",
				);
				MARKETING_VERSION = 1.0;
				PRODUCT_BUNDLE_IDENTIFIER = ru.yandex.practicum.Tracker1;
				PRODUCT_NAME = "$(TARGET_NAME)";
				SWIFT_EMIT_LOC_STRINGS = YES;
				SWIFT_VERSION = 5.0;
				TARGETED_DEVICE_FAMILY = "1,2";
			};
			name = Debug;
		};
		F1ED86672E6EF3860082B276 /* Release */ = {
			isa = XCBuildConfiguration;
			buildSettings = {
				ASSETCATALOG_COMPILER_APPICON_NAME = AppIcon;
				ASSETCATALOG_COMPILER_GLOBAL_ACCENT_COLOR_NAME = AccentColor;
				CODE_SIGN_STYLE = Automatic;
				CURRENT_PROJECT_VERSION = 1;
				DEVELOPMENT_TEAM = Q72QYS5LYZ;
				GENERATE_INFOPLIST_FILE = YES;
				INFOPLIST_FILE = Tracker/Resources/Info.plist;
				INFOPLIST_KEY_UIApplicationSupportsIndirectInputEvents = YES;
				INFOPLIST_KEY_UILaunchStoryboardName = LaunchScreen;
				INFOPLIST_KEY_UIStatusBarHidden = NO;
				INFOPLIST_KEY_UISupportedInterfaceOrientations = UIInterfaceOrientationPortrait;
				IPHONEOS_DEPLOYMENT_TARGET = 17.0;
				LD_RUNPATH_SEARCH_PATHS = (
					"$(inherited)",
					"@executable_path/Frameworks",
				);
				MARKETING_VERSION = 1.0;
				PRODUCT_BUNDLE_IDENTIFIER = ru.yandex.practicum.Tracker1;
				PRODUCT_NAME = "$(TARGET_NAME)";
				SWIFT_EMIT_LOC_STRINGS = YES;
				SWIFT_VERSION = 5.0;
				TARGETED_DEVICE_FAMILY = "1,2";
			};
			name = Release;
		};
		F1ED86682E6EF3860082B276 /* Debug */ = {
			isa = XCBuildConfiguration;
			buildSettings = {
				ALWAYS_SEARCH_USER_PATHS = NO;
				ASSETCATALOG_COMPILER_GENERATE_SWIFT_ASSET_SYMBOL_EXTENSIONS = YES;
				CLANG_ANALYZER_NONNULL = YES;
				CLANG_ANALYZER_NUMBER_OBJECT_CONVERSION = YES_AGGRESSIVE;
				CLANG_CXX_LANGUAGE_STANDARD = "gnu++20";
				CLANG_ENABLE_MODULES = YES;
				CLANG_ENABLE_OBJC_ARC = YES;
				CLANG_ENABLE_OBJC_WEAK = YES;
				CLANG_WARN_BLOCK_CAPTURE_AUTORELEASING = YES;
				CLANG_WARN_BOOL_CONVERSION = YES;
				CLANG_WARN_COMMA = YES;
				CLANG_WARN_CONSTANT_CONVERSION = YES;
				CLANG_WARN_DEPRECATED_OBJC_IMPLEMENTATIONS = YES;
				CLANG_WARN_DIRECT_OBJC_ISA_USAGE = YES_ERROR;
				CLANG_WARN_DOCUMENTATION_COMMENTS = YES;
				CLANG_WARN_EMPTY_BODY = YES;
				CLANG_WARN_ENUM_CONVERSION = YES;
				CLANG_WARN_INFINITE_RECURSION = YES;
				CLANG_WARN_INT_CONVERSION = YES;
				CLANG_WARN_NON_LITERAL_NULL_CONVERSION = YES;
				CLANG_WARN_OBJC_IMPLICIT_RETAIN_SELF = YES;
				CLANG_WARN_OBJC_LITERAL_CONVERSION = YES;
				CLANG_WARN_OBJC_ROOT_CLASS = YES_ERROR;
				CLANG_WARN_QUOTED_INCLUDE_IN_FRAMEWORK_HEADER = YES;
				CLANG_WARN_RANGE_LOOP_ANALYSIS = YES;
				CLANG_WARN_STRICT_PROTOTYPES = YES;
				CLANG_WARN_SUSPICIOUS_MOVE = YES;
				CLANG_WARN_UNGUARDED_AVAILABILITY = YES_AGGRESSIVE;
				CLANG_WARN_UNREACHABLE_CODE = YES;
				CLANG_WARN__DUPLICATE_METHOD_MATCH = YES;
				COPY_PHASE_STRIP = NO;
				DEBUG_INFORMATION_FORMAT = dwarf;
				DEVELOPMENT_TEAM = Q72QYS5LYZ;
				ENABLE_STRICT_OBJC_MSGSEND = YES;
				ENABLE_TESTABILITY = YES;
				ENABLE_USER_SCRIPT_SANDBOXING = YES;
				GCC_C_LANGUAGE_STANDARD = gnu17;
				GCC_DYNAMIC_NO_PIC = NO;
				GCC_NO_COMMON_BLOCKS = YES;
				GCC_OPTIMIZATION_LEVEL = 0;
				GCC_PREPROCESSOR_DEFINITIONS = (
					"DEBUG=1",
					"$(inherited)",
				);
				GCC_WARN_64_TO_32_BIT_CONVERSION = YES;
				GCC_WARN_ABOUT_RETURN_TYPE = YES_ERROR;
				GCC_WARN_UNDECLARED_SELECTOR = YES;
				GCC_WARN_UNINITIALIZED_AUTOS = YES_AGGRESSIVE;
				GCC_WARN_UNUSED_FUNCTION = YES;
				GCC_WARN_UNUSED_VARIABLE = YES;
				IPHONEOS_DEPLOYMENT_TARGET = 18.5;
				LOCALIZATION_PREFERS_STRING_CATALOGS = YES;
				MTL_ENABLE_DEBUG_INFO = INCLUDE_SOURCE;
				MTL_FAST_MATH = YES;
				ONLY_ACTIVE_ARCH = YES;
				SDKROOT = iphoneos;
				STRING_CATALOG_GENERATE_SYMBOLS = YES;
				SWIFT_ACTIVE_COMPILATION_CONDITIONS = "DEBUG $(inherited)";
				SWIFT_OPTIMIZATION_LEVEL = "-Onone";
			};
			name = Debug;
		};
		F1ED86692E6EF3860082B276 /* Release */ = {
			isa = XCBuildConfiguration;
			buildSettings = {
				ALWAYS_SEARCH_USER_PATHS = NO;
				ASSETCATALOG_COMPILER_GENERATE_SWIFT_ASSET_SYMBOL_EXTENSIONS = YES;
				CLANG_ANALYZER_NONNULL = YES;
				CLANG_ANALYZER_NUMBER_OBJECT_CONVERSION = YES_AGGRESSIVE;
				CLANG_CXX_LANGUAGE_STANDARD = "gnu++20";
				CLANG_ENABLE_MODULES = YES;
				CLANG_ENABLE_OBJC_ARC = YES;
				CLANG_ENABLE_OBJC_WEAK = YES;
				CLANG_WARN_BLOCK_CAPTURE_AUTORELEASING = YES;
				CLANG_WARN_BOOL_CONVERSION = YES;
				CLANG_WARN_COMMA = YES;
				CLANG_WARN_CONSTANT_CONVERSION = YES;
				CLANG_WARN_DEPRECATED_OBJC_IMPLEMENTATIONS = YES;
				CLANG_WARN_DIRECT_OBJC_ISA_USAGE = YES_ERROR;
				CLANG_WARN_DOCUMENTATION_COMMENTS = YES;
				CLANG_WARN_EMPTY_BODY = YES;
				CLANG_WARN_ENUM_CONVERSION = YES;
				CLANG_WARN_INFINITE_RECURSION = YES;
				CLANG_WARN_INT_CONVERSION = YES;
				CLANG_WARN_NON_LITERAL_NULL_CONVERSION = YES;
				CLANG_WARN_OBJC_IMPLICIT_RETAIN_SELF = YES;
				CLANG_WARN_OBJC_LITERAL_CONVERSION = YES;
				CLANG_WARN_OBJC_ROOT_CLASS = YES_ERROR;
				CLANG_WARN_QUOTED_INCLUDE_IN_FRAMEWORK_HEADER = YES;
				CLANG_WARN_RANGE_LOOP_ANALYSIS = YES;
				CLANG_WARN_STRICT_PROTOTYPES = YES;
				CLANG_WARN_SUSPICIOUS_MOVE = YES;
				CLANG_WARN_UNGUARDED_AVAILABILITY = YES_AGGRESSIVE;
				CLANG_WARN_UNREACHABLE_CODE = YES;
				CLANG_WARN__DUPLICATE_METHOD_MATCH = YES;
				COPY_PHASE_STRIP = NO;
				DEBUG_INFORMATION_FORMAT = "dwarf-with-dsym";
				DEVELOPMENT_TEAM = Q72QYS5LYZ;
				ENABLE_NS_ASSERTIONS = NO;
				ENABLE_STRICT_OBJC_MSGSEND = YES;
				ENABLE_USER_SCRIPT_SANDBOXING = YES;
				GCC_C_LANGUAGE_STANDARD = gnu17;
				GCC_NO_COMMON_BLOCKS = YES;
				GCC_WARN_64_TO_32_BIT_CONVERSION = YES;
				GCC_WARN_ABOUT_RETURN_TYPE = YES_ERROR;
				GCC_WARN_UNDECLARED_SELECTOR = YES;
				GCC_WARN_UNINITIALIZED_AUTOS = YES_AGGRESSIVE;
				GCC_WARN_UNUSED_FUNCTION = YES;
				GCC_WARN_UNUSED_VARIABLE = YES;
				IPHONEOS_DEPLOYMENT_TARGET = 18.5;
				LOCALIZATION_PREFERS_STRING_CATALOGS = YES;
				MTL_ENABLE_DEBUG_INFO = NO;
				MTL_FAST_MATH = YES;
				SDKROOT = iphoneos;
				STRING_CATALOG_GENERATE_SYMBOLS = YES;
				SWIFT_COMPILATION_MODE = wholemodule;
				VALIDATE_PRODUCT = YES;
			};
			name = Release;
		};
/* End XCBuildConfiguration section */

/* Begin XCConfigurationList section */
		F1ED864D2E6EF3840082B276 /* Build configuration list for PBXProject "Tracker" */ = {
			isa = XCConfigurationList;
			buildConfigurations = (
				F1ED86682E6EF3860082B276 /* Debug */,
				F1ED86692E6EF3860082B276 /* Release */,
			);
			defaultConfigurationIsVisible = 0;
			defaultConfigurationName = Release;
		};
		F1ED86652E6EF3860082B276 /* Build configuration list for PBXNativeTarget "Tracker" */ = {
			isa = XCConfigurationList;
			buildConfigurations = (
				F1ED86662E6EF3860082B276 /* Debug */,
				F1ED86672E6EF3860082B276 /* Release */,
			);
			defaultConfigurationIsVisible = 0;
			defaultConfigurationName = Release;
		};
/* End XCConfigurationList section */

/* Begin XCVersionGroup section */
		F1A4AA072E9D4F8A0093A8E4 /* Tracker.xcdatamodeld */ = {
			isa = XCVersionGroup;
			children = (
				F1A4AA082E9D4F8A0093A8E4 /* Tracker.xcdatamodel */,
			);
			currentVersion = F1A4AA082E9D4F8A0093A8E4 /* Tracker.xcdatamodel */;
			path = Tracker.xcdatamodeld;
			sourceTree = "<group>";
			versionGroupType = wrapper.xcdatamodel;
		};
/* End XCVersionGroup section */
	};
	rootObject = F1ED864A2E6EF3840082B276 /* Project object */;
}
